{
  "name": "deferless",
  "version": "0.2.1",
  "lockfileVersion": 3,
  "requires": true,
  "packages": {
    "": {
      "name": "deferless",
      "version": "0.2.1",
      "license": "MIT",
      "dependencies": {
        "shipprobe": "^0.1.1"
      },
      "bin": {
        "deferless": "bin/deferless.mjs"
      },
      "engines": {
        "node": ">=20"
      },
      "peerDependenciesMeta": {
        "playwright": {
          "optional": true
        }
      }
    },
    "node_modules/shipprobe": {
      "version": "0.1.1",
      "resolved": "https://registry.npmjs.org/shipprobe/-/shipprobe-0.1.1.tgz",
      "integrity": "sha512-XXJ59Hl5hEzcZvwzwzTkL+qKHbBdQlDEg6ztdD9nfn6d2Vpwf4JeWKpmFYRGDyAMbfjHkg9H5IksKHwYE9MbBA==",
      "license": "MIT",
      "bin": {
        "shipprobe": "bin/shipprobe.mjs"
      },
      "engines": {
        "node": ">=20"
      },
      "peerDependencies": {
        "playwright": ">=1.40.0"
      },
      "peerDependenciesMeta": {
        "playwright": {
          "optional": true
        }
      }
    }
  }
}
