{
  "name": "deferless",
  "version": "0.2.0",
  "lockfileVersion": 3,
  "requires": true,
  "packages": {
    "": {
      "name": "deferless",
      "version": "0.2.0",
      "license": "MIT",
      "dependencies": {
        "shipprobe": "^0.1.0"
      },
      "bin": {
        "deferless": "bin/deferless.mjs"
      },
      "engines": {
        "node": ">=20"
      },
      "peerDependenciesMeta": {
        "playwright": {
          "optional": true
        }
      }
    },
    "node_modules/shipprobe": {
      "version": "0.1.0",
      "resolved": "https://registry.npmjs.org/shipprobe/-/shipprobe-0.1.0.tgz",
      "integrity": "sha512-/ft4Dm5gbWk+TnJM8ZrxitjFTaiUCC91p7d6RuP+8+ntYxWh32zfdm7UX9k8us9WA83kYNSNIiUu0hfuXLzO4g==",
      "license": "MIT",
      "bin": {
        "shipprobe": "bin/shipprobe.mjs"
      },
      "engines": {
        "node": ">=20"
      },
      "peerDependencies": {
        "playwright": ">=1.40.0"
      },
      "peerDependenciesMeta": {
        "playwright": {
          "optional": true
        }
      }
    }
  }
}
